{"1.2.0",
[{<<"kla">>,{pkg,<<"kla">>,<<"0.9.1">>},0},
 {<<"lfe">>,{pkg,<<"lfe">>,<<"2.1.2">>},0},
 {<<"lutil">>,{pkg,<<"lutil">>,<<"0.14.0">>},0}]}.
[
{pkg_hash,[
 {<<"kla">>, <<"2E131B2137137B48C7E974C82C8DB32554FDF0D93129AA98379973AA03F70430">>},
 {<<"lfe">>, <<"9A14B5056761C63EEA5A3040E0FD1A326276CFE40F3B952E7305FED45341BF6F">>},
 {<<"lutil">>, <<"C5AA15D1216ABD34AA8106E58130963FDE7963CF9327ED61D286735D1BDADD6E">>}]},
{pkg_hash_ext,[
 {<<"kla">>, <<"244656D7D740CE50C458EA98435ADA74B0FF0465742BE4E0416D7BA3D5BA0555">>},
 {<<"lfe">>, <<"E717466A203711FDF47A2E2144990EDB52B207D40F6D6168BADD05F76EEC04AD">>},
 {<<"lutil">>, <<"4F849E7003C5352997BF62E030C805ED6AD7BA09D8D6BCD3B55F5FE19353AD9C">>}]}
].
