[{<<"clj">>,
  {git,"git://github.com/lfex/clj.git",
       {ref,"1be3d8fedaf338df7ae24f688b12ef5754fb235e"}},
  1},
 {<<"kla">>,
  {git,"git://github.com/lfex/kla.git",
       {ref,"c3a4cb86f76982c40dcd640768db7056bb8d5df7"}},
  2},
 {<<"lfe-version">>,
  {git,"https://github.com/lfe-rebar3/version.git",
       {ref,"76919956b78112b86bbe5972ffc136741d708f10"}},
  3},
 {<<"lutil">>,
  {git,"git://github.com/lfex/lutil.git",
       {ref,"81a2e5c2fdbc58e987cf4010d9a0537bc0556572"}},
  0}].
